
Microsoft Visual Studio Solution File, Format Version 12.00
# Visual Studio Version 16
VisualStudioVersion = 16.0.32126.315
MinimumVisualStudioVersion = 10.0.40219.1
Project("{FAE04EC0-301F-11D3-BF4B-00C04F79EFBC}") = "HomTask", "HomTask\HomTask.csproj", "{5453A6F9-F9F4-4A35-800D-0208316063FD}"
EndProject
Global
	GlobalSection(SolutionConfigurationPlatforms) = preSolution
		Debug|Any CPU = Debug|Any CPU
		Release|Any CPU = Release|Any CPU
	EndGlobalSection
	GlobalSection(ProjectConfigurationPlatforms) = postSolution
		{5453A6F9-F9F4-4A35-800D-0208316063FD}.Debug|Any CPU.ActiveCfg = Debug|Any CPU
		{5453A6F9-F9F4-4A35-800D-0208316063FD}.Debug|Any CPU.Build.0 = Debug|Any CPU
		{5453A6F9-F9F4-4A35-800D-0208316063FD}.Release|Any CPU.ActiveCfg = Release|Any CPU
		{5453A6F9-F9F4-4A35-800D-0208316063FD}.Release|Any CPU.Build.0 = Release|Any CPU
	EndGlobalSection
	GlobalSection(SolutionProperties) = preSolution
		HideSolutionNode = FALSE
	EndGlobalSection
	GlobalSection(ExtensibilityGlobals) = postSolution
		SolutionGuid = {E9856D30-7EA7-4FBB-AAC0-99464E8823F5}
	EndGlobalSection
EndGlobal
